
Microsoft Visual Studio Solution File, Format Version 12.00
# Visual Studio Version 17
VisualStudioVersion = 17.0.32112.339
MinimumVisualStudioVersion = 10.0.40219.1
Project("{9A19103F-16F7-4668-BE54-9A1E7A4F7556}") = "GreeterClient", "GreeterClient\GreeterClient.csproj", "{7106BA85-E930-46AB-8173-DD62AB10E9E4}"
EndProject
Project("{9A19103F-16F7-4668-BE54-9A1E7A4F7556}") = "GreeterServer", "GreeterServer\GreeterServer.csproj", "{E74AF3B3-92EB-4B75-8104-4B127CA419B7}"
EndProject
Project("{9A19103F-16F7-4668-BE54-9A1E7A4F7556}") = "Greeter", "Greeter\Greeter.csproj", "{58C49B2A-5B81-41AB-A922-A02C6C3C306A}"
EndProject
Global
	GlobalSection(SolutionConfigurationPlatforms) = preSolution
		Debug|Any CPU = Debug|Any CPU
		Release|Any CPU = Release|Any CPU
	EndGlobalSection
	GlobalSection(ProjectConfigurationPlatforms) = postSolution
		{7106BA85-E930-46AB-8173-DD62AB10E9E4}.Debug|Any CPU.ActiveCfg = Debug|Any CPU
		{7106BA85-E930-46AB-8173-DD62AB10E9E4}.Debug|Any CPU.Build.0 = Debug|Any CPU
		{7106BA85-E930-46AB-8173-DD62AB10E9E4}.Release|Any CPU.ActiveCfg = Release|Any CPU
		{7106BA85-E930-46AB-8173-DD62AB10E9E4}.Release|Any CPU.Build.0 = Release|Any CPU
		{E74AF3B3-92EB-4B75-8104-4B127CA419B7}.Debug|Any CPU.ActiveCfg = Debug|Any CPU
		{E74AF3B3-92EB-4B75-8104-4B127CA419B7}.Debug|Any CPU.Build.0 = Debug|Any CPU
		{E74AF3B3-92EB-4B75-8104-4B127CA419B7}.Release|Any CPU.ActiveCfg = Release|Any CPU
		{E74AF3B3-92EB-4B75-8104-4B127CA419B7}.Release|Any CPU.Build.0 = Release|Any CPU
		{58C49B2A-5B81-41AB-A922-A02C6C3C306A}.Debug|Any CPU.ActiveCfg = Debug|Any CPU
		{58C49B2A-5B81-41AB-A922-A02C6C3C306A}.Debug|Any CPU.Build.0 = Debug|Any CPU
		{58C49B2A-5B81-41AB-A922-A02C6C3C306A}.Release|Any CPU.ActiveCfg = Release|Any CPU
		{58C49B2A-5B81-41AB-A922-A02C6C3C306A}.Release|Any CPU.Build.0 = Release|Any CPU
	EndGlobalSection
	GlobalSection(SolutionProperties) = preSolution
		HideSolutionNode = FALSE
	EndGlobalSection
	GlobalSection(ExtensibilityGlobals) = postSolution
		SolutionGuid = {16CB794E-98B2-4BCF-973A-F01C01CA5159}
	EndGlobalSection
EndGlobal
